
Microsoft Visual Studio Solution File, Format Version 12.00
# Visual Studio Version 16
VisualStudioVersion = 25.0.1705.0
MinimumVisualStudioVersion = 10.0.40219.1
Project("{FAE04EC0-301F-11D3-BF4B-00C04F79EFBC}") = "livechartssample.Android", "livechartssample\livechartssample.Android\livechartssample.Android.csproj", "{9041530E-A9FE-4CD4-8963-65EC88B81D1A}"
EndProject
Project("{FAE04EC0-301F-11D3-BF4B-00C04F79EFBC}") = "livechartssample.iOS", "livechartssample\livechartssample.iOS\livechartssample.iOS.csproj", "{AEC00527-3540-404F-A9EA-5D587932B8C7}"
EndProject
Project("{FAE04EC0-301F-11D3-BF4B-00C04F79EFBC}") = "livechartssample", "livechartssample\livechartssample\livechartssample.csproj", "{5C7B5997-08B8-43A2-96E8-D51723D8339F}"
EndProject
Global
	GlobalSection(SolutionConfigurationPlatforms) = preSolution
		Debug|Any CPU = Debug|Any CPU
		Release|Any CPU = Release|Any CPU
		Debug|iPhoneSimulator = Debug|iPhoneSimulator
		Release|iPhoneSimulator = Release|iPhoneSimulator
		Debug|iPhone = Debug|iPhone
		Release|iPhone = Release|iPhone
	EndGlobalSection
	GlobalSection(ProjectConfigurationPlatforms) = postSolution
		{9041530E-A9FE-4CD4-8963-65EC88B81D1A}.Debug|Any CPU.ActiveCfg = Debug|Any CPU
		{9041530E-A9FE-4CD4-8963-65EC88B81D1A}.Debug|Any CPU.Build.0 = Debug|Any CPU
		{9041530E-A9FE-4CD4-8963-65EC88B81D1A}.Release|Any CPU.ActiveCfg = Release|Any CPU
		{9041530E-A9FE-4CD4-8963-65EC88B81D1A}.Release|Any CPU.Build.0 = Release|Any CPU
		{9041530E-A9FE-4CD4-8963-65EC88B81D1A}.Debug|iPhoneSimulator.ActiveCfg = Debug|Any CPU
		{9041530E-A9FE-4CD4-8963-65EC88B81D1A}.Debug|iPhoneSimulator.Build.0 = Debug|Any CPU
		{9041530E-A9FE-4CD4-8963-65EC88B81D1A}.Release|iPhoneSimulator.ActiveCfg = Release|Any CPU
		{9041530E-A9FE-4CD4-8963-65EC88B81D1A}.Release|iPhoneSimulator.Build.0 = Release|Any CPU
		{9041530E-A9FE-4CD4-8963-65EC88B81D1A}.Debug|iPhone.ActiveCfg = Debug|Any CPU
		{9041530E-A9FE-4CD4-8963-65EC88B81D1A}.Debug|iPhone.Build.0 = Debug|Any CPU
		{9041530E-A9FE-4CD4-8963-65EC88B81D1A}.Release|iPhone.ActiveCfg = Release|Any CPU
		{9041530E-A9FE-4CD4-8963-65EC88B81D1A}.Release|iPhone.Build.0 = Release|Any CPU
		{AEC00527-3540-404F-A9EA-5D587932B8C7}.Debug|Any CPU.ActiveCfg = Debug|iPhoneSimulator
		{AEC00527-3540-404F-A9EA-5D587932B8C7}.Debug|Any CPU.Build.0 = Debug|iPhoneSimulator
		{AEC00527-3540-404F-A9EA-5D587932B8C7}.Release|Any CPU.ActiveCfg = Release|iPhoneSimulator
		{AEC00527-3540-404F-A9EA-5D587932B8C7}.Release|Any CPU.Build.0 = Release|iPhoneSimulator
		{AEC00527-3540-404F-A9EA-5D587932B8C7}.Debug|iPhoneSimulator.ActiveCfg = Debug|iPhoneSimulator
		{AEC00527-3540-404F-A9EA-5D587932B8C7}.Debug|iPhoneSimulator.Build.0 = Debug|iPhoneSimulator
		{AEC00527-3540-404F-A9EA-5D587932B8C7}.Release|iPhoneSimulator.ActiveCfg = Release|iPhoneSimulator
		{AEC00527-3540-404F-A9EA-5D587932B8C7}.Release|iPhoneSimulator.Build.0 = Release|iPhoneSimulator
		{AEC00527-3540-404F-A9EA-5D587932B8C7}.Debug|iPhone.ActiveCfg = Debug|iPhone
		{AEC00527-3540-404F-A9EA-5D587932B8C7}.Debug|iPhone.Build.0 = Debug|iPhone
		{AEC00527-3540-404F-A9EA-5D587932B8C7}.Release|iPhone.ActiveCfg = Release|iPhone
		{AEC00527-3540-404F-A9EA-5D587932B8C7}.Release|iPhone.Build.0 = Release|iPhone
		{5C7B5997-08B8-43A2-96E8-D51723D8339F}.Debug|Any CPU.ActiveCfg = Debug|Any CPU
		{5C7B5997-08B8-43A2-96E8-D51723D8339F}.Debug|Any CPU.Build.0 = Debug|Any CPU
		{5C7B5997-08B8-43A2-96E8-D51723D8339F}.Release|Any CPU.ActiveCfg = Release|Any CPU
		{5C7B5997-08B8-43A2-96E8-D51723D8339F}.Release|Any CPU.Build.0 = Release|Any CPU
		{5C7B5997-08B8-43A2-96E8-D51723D8339F}.Debug|iPhoneSimulator.ActiveCfg = Debug|Any CPU
		{5C7B5997-08B8-43A2-96E8-D51723D8339F}.Debug|iPhoneSimulator.Build.0 = Debug|Any CPU
		{5C7B5997-08B8-43A2-96E8-D51723D8339F}.Release|iPhoneSimulator.ActiveCfg = Release|Any CPU
		{5C7B5997-08B8-43A2-96E8-D51723D8339F}.Release|iPhoneSimulator.Build.0 = Release|Any CPU
		{5C7B5997-08B8-43A2-96E8-D51723D8339F}.Debug|iPhone.ActiveCfg = Debug|Any CPU
		{5C7B5997-08B8-43A2-96E8-D51723D8339F}.Debug|iPhone.Build.0 = Debug|Any CPU
		{5C7B5997-08B8-43A2-96E8-D51723D8339F}.Release|iPhone.ActiveCfg = Release|Any CPU
		{5C7B5997-08B8-43A2-96E8-D51723D8339F}.Release|iPhone.Build.0 = Release|Any CPU
	EndGlobalSection
	GlobalSection(SolutionProperties) = preSolution
		HideSolutionNode = FALSE
	EndGlobalSection
	GlobalSection(ExtensibilityGlobals) = postSolution
		SolutionGuid = {AB19792D-5606-4363-AC02-0C8F3780C11B}
	EndGlobalSection
EndGlobal
